
Microsoft Visual Studio Solution File, Format Version 12.00
# Visual Studio Version 17
VisualStudioVersion = 17.0.31903.59
MinimumVisualStudioVersion = 10.0.40219.1
Project("{FAE04EC0-301F-11D3-BF4B-00C04F79EFBC}") = "SophiChainThemeDemo", "SophiChainThemeDemo\SophiChainThemeDemo.csproj", "{64430A23-E2E0-471D-B9F9-31E4E4C834E8}"
EndProject
Project("{FAE04EC0-301F-11D3-BF4B-00C04F79EFBC}") = "SophiChainThemeDemo.Client", "SophiChainThemeDemo.Client\SophiChainThemeDemo.Client.csproj", "{9A063371-8AF6-43BE-86FB-E91DF28DE353}"
EndProject
Project("{FAE04EC0-301F-11D3-BF4B-00C04F79EFBC}") = "SophiChainThemeDemo.Contracts", "SophiChainThemeDemo.Contracts\SophiChainThemeDemo.Contracts.csproj", "{613A8559-8E83-457F-9360-FC6A2FB06F95}"
EndProject
Project("{2150E333-8FDC-42A3-9474-1A3956D46DE8}") = "theme", "theme", "{3F2A939D-4DF2-484C-AF31-D9023AE8779F}"
EndProject
Project("{FAE04EC0-301F-11D3-BF4B-00C04F79EFBC}") = "SophiChain.Abp.AspNetCore.Components.Server.MetronicTheme", "modules\SophiChain.Abp.AspNetCore.Components.Server.MetronicTheme\SophiChain.Abp.AspNetCore.Components.Server.MetronicTheme.csproj", "{41F0CA0A-2935-46A3-B720-9CEECEBB3627}"
EndProject
Project("{FAE04EC0-301F-11D3-BF4B-00C04F79EFBC}") = "SophiChain.Abp.AspNetCore.Components.Web.MetronicTheme", "modules\SophiChain.Abp.AspNetCore.Components.Web.MetronicTheme\SophiChain.Abp.AspNetCore.Components.Web.MetronicTheme.csproj", "{4AAA4417-7ADF-4C31-B157-DEAED2A60D29}"
EndProject
Project("{FAE04EC0-301F-11D3-BF4B-00C04F79EFBC}") = "SophiChain.Abp.AspNetCore.Components.WebAssembly.MetronicTheme", "modules\SophiChain.Abp.AspNetCore.Components.WebAssembly.MetronicTheme\SophiChain.Abp.AspNetCore.Components.WebAssembly.MetronicTheme.csproj", "{785ADF33-C4B3-4273-9457-7AAADE468273}"
EndProject
Project("{FAE04EC0-301F-11D3-BF4B-00C04F79EFBC}") = "SophiChain.Abp.AspNetCore.Components.WebAssembly.MetronicTheme.Bundling", "modules\SophiChain.Abp.AspNetCore.Components.WebAssembly.MetronicTheme.Bundling\SophiChain.Abp.AspNetCore.Components.WebAssembly.MetronicTheme.Bundling.csproj", "{0FE43741-252F-4860-B790-8D02985ACAD4}"
EndProject
Project("{FAE04EC0-301F-11D3-BF4B-00C04F79EFBC}") = "SophiChain.Abp.AspNetCore.Mvc.UI.Theme.Metronic", "modules\SophiChain.Abp.AspNetCore.Mvc.UI.Theme.Metronic\SophiChain.Abp.AspNetCore.Mvc.UI.Theme.Metronic.csproj", "{B5B5CEBB-A45F-4343-93E1-E89F80183708}"
EndProject
Global
	GlobalSection(SolutionConfigurationPlatforms) = preSolution
		Debug|Any CPU = Debug|Any CPU
		Release|Any CPU = Release|Any CPU
	EndGlobalSection
	GlobalSection(ProjectConfigurationPlatforms) = postSolution
		{64430A23-E2E0-471D-B9F9-31E4E4C834E8}.Debug|Any CPU.ActiveCfg = Debug|Any CPU
		{64430A23-E2E0-471D-B9F9-31E4E4C834E8}.Debug|Any CPU.Build.0 = Debug|Any CPU
		{64430A23-E2E0-471D-B9F9-31E4E4C834E8}.Release|Any CPU.ActiveCfg = Release|Any CPU
		{64430A23-E2E0-471D-B9F9-31E4E4C834E8}.Release|Any CPU.Build.0 = Release|Any CPU
		{9A063371-8AF6-43BE-86FB-E91DF28DE353}.Debug|Any CPU.ActiveCfg = Debug|Any CPU
		{9A063371-8AF6-43BE-86FB-E91DF28DE353}.Debug|Any CPU.Build.0 = Debug|Any CPU
		{9A063371-8AF6-43BE-86FB-E91DF28DE353}.Release|Any CPU.ActiveCfg = Release|Any CPU
		{9A063371-8AF6-43BE-86FB-E91DF28DE353}.Release|Any CPU.Build.0 = Release|Any CPU
		{613A8559-8E83-457F-9360-FC6A2FB06F95}.Debug|Any CPU.ActiveCfg = Debug|Any CPU
		{613A8559-8E83-457F-9360-FC6A2FB06F95}.Debug|Any CPU.Build.0 = Debug|Any CPU
		{613A8559-8E83-457F-9360-FC6A2FB06F95}.Release|Any CPU.ActiveCfg = Release|Any CPU
		{613A8559-8E83-457F-9360-FC6A2FB06F95}.Release|Any CPU.Build.0 = Release|Any CPU
		{41F0CA0A-2935-46A3-B720-9CEECEBB3627}.Debug|Any CPU.ActiveCfg = Debug|Any CPU
		{41F0CA0A-2935-46A3-B720-9CEECEBB3627}.Debug|Any CPU.Build.0 = Debug|Any CPU
		{41F0CA0A-2935-46A3-B720-9CEECEBB3627}.Release|Any CPU.ActiveCfg = Release|Any CPU
		{41F0CA0A-2935-46A3-B720-9CEECEBB3627}.Release|Any CPU.Build.0 = Release|Any CPU
		{4AAA4417-7ADF-4C31-B157-DEAED2A60D29}.Debug|Any CPU.ActiveCfg = Debug|Any CPU
		{4AAA4417-7ADF-4C31-B157-DEAED2A60D29}.Debug|Any CPU.Build.0 = Debug|Any CPU
		{4AAA4417-7ADF-4C31-B157-DEAED2A60D29}.Release|Any CPU.ActiveCfg = Release|Any CPU
		{4AAA4417-7ADF-4C31-B157-DEAED2A60D29}.Release|Any CPU.Build.0 = Release|Any CPU
		{785ADF33-C4B3-4273-9457-7AAADE468273}.Debug|Any CPU.ActiveCfg = Debug|Any CPU
		{785ADF33-C4B3-4273-9457-7AAADE468273}.Debug|Any CPU.Build.0 = Debug|Any CPU
		{785ADF33-C4B3-4273-9457-7AAADE468273}.Release|Any CPU.ActiveCfg = Release|Any CPU
		{785ADF33-C4B3-4273-9457-7AAADE468273}.Release|Any CPU.Build.0 = Release|Any CPU
		{0FE43741-252F-4860-B790-8D02985ACAD4}.Debug|Any CPU.ActiveCfg = Debug|Any CPU
		{0FE43741-252F-4860-B790-8D02985ACAD4}.Debug|Any CPU.Build.0 = Debug|Any CPU
		{0FE43741-252F-4860-B790-8D02985ACAD4}.Release|Any CPU.ActiveCfg = Release|Any CPU
		{0FE43741-252F-4860-B790-8D02985ACAD4}.Release|Any CPU.Build.0 = Release|Any CPU
		{B5B5CEBB-A45F-4343-93E1-E89F80183708}.Debug|Any CPU.ActiveCfg = Debug|Any CPU
		{B5B5CEBB-A45F-4343-93E1-E89F80183708}.Debug|Any CPU.Build.0 = Debug|Any CPU
		{B5B5CEBB-A45F-4343-93E1-E89F80183708}.Release|Any CPU.ActiveCfg = Release|Any CPU
		{B5B5CEBB-A45F-4343-93E1-E89F80183708}.Release|Any CPU.Build.0 = Release|Any CPU
	EndGlobalSection
	GlobalSection(SolutionProperties) = preSolution
		HideSolutionNode = FALSE
	EndGlobalSection
	GlobalSection(NestedProjects) = preSolution
		{41F0CA0A-2935-46A3-B720-9CEECEBB3627} = {3F2A939D-4DF2-484C-AF31-D9023AE8779F}
		{4AAA4417-7ADF-4C31-B157-DEAED2A60D29} = {3F2A939D-4DF2-484C-AF31-D9023AE8779F}
		{785ADF33-C4B3-4273-9457-7AAADE468273} = {3F2A939D-4DF2-484C-AF31-D9023AE8779F}
		{0FE43741-252F-4860-B790-8D02985ACAD4} = {3F2A939D-4DF2-484C-AF31-D9023AE8779F}
		{B5B5CEBB-A45F-4343-93E1-E89F80183708} = {3F2A939D-4DF2-484C-AF31-D9023AE8779F}
	EndGlobalSection
	GlobalSection(ExtensibilityGlobals) = postSolution
		SolutionGuid = {63E2660C-C1D9-4768-90FD-289F36581842}
	EndGlobalSection
EndGlobal
